// !$*UTF8*$!
{
	archiveVersion = 1;
	classes = {
	};
	objectVersion = 55;
	objects = {

/* Begin PBXBuildFile section */
		8EC80FF627C11F7700462583 /* AppDelegate.swift in Sources */ = {isa = PBXBuildFile; fileRef = 8EC80FF527C11F7700462583 /* AppDelegate.swift */; };
		8EC80FF827C11F7700462583 /* SceneDelegate.swift in Sources */ = {isa = PBXBuildFile; fileRef = 8EC80FF727C11F7700462583 /* SceneDelegate.swift */; };
		8EC80FFA27C11F7700462583 /* ViewController.swift in Sources */ = {isa = PBXBuildFile; fileRef = 8EC80FF927C11F7700462583 /* ViewController.swift */; };
		8EC80FFD27C11F7700462583 /* Main.storyboard in Resources */ = {isa = PBXBuildFile; fileRef = 8EC80FFB27C11F7700462583 /* Main.storyboard */; };
		8EC80FFF27C11F7900462583 /* Assets.xcassets in Resources */ = {isa = PBXBuildFile; fileRef = 8EC80FFE27C11F7900462583 /* Assets.xcassets */; };
		8EC8100227C11F7900462583 /* LaunchScreen.storyboard in Resources */ = {isa = PBXBuildFile; fileRef = 8EC8100027C11F7900462583 /* LaunchScreen.storyboard */; };
		8EC8100D27C11F7A00462583 /* Seat_Geek_AppTests.swift in Sources */ = {isa = PBXBuildFile; fileRef = 8EC8100C27C11F7A00462583 /* Seat_Geek_AppTests.swift */; };
		8EC8101727C11F7A00462583 /* Seat_Geek_AppUITests.swift in Sources */ = {isa = PBXBuildFile; fileRef = 8EC8101627C11F7A00462583 /* Seat_Geek_AppUITests.swift */; };
		8EC8101927C11F7A00462583 /* Seat_Geek_AppUITestsLaunchTests.swift in Sources */ = {isa = PBXBuildFile; fileRef = 8EC8101827C11F7A00462583 /* Seat_Geek_AppUITestsLaunchTests.swift */; };
		8EC8102A27C1267300462583 /* MoyaConfiguration.swift in Sources */ = {isa = PBXBuildFile; fileRef = 8EC8102927C1267300462583 /* MoyaConfiguration.swift */; };
		8EC8102C27C1269700462583 /* EndPoints.swift in Sources */ = {isa = PBXBuildFile; fileRef = 8EC8102B27C1269700462583 /* EndPoints.swift */; };
		8EC8102E27C126DE00462583 /* MockData.swift in Sources */ = {isa = PBXBuildFile; fileRef = 8EC8102D27C126DE00462583 /* MockData.swift */; };
		8EC8103027C1272C00462583 /* BaseViewModel.swift in Sources */ = {isa = PBXBuildFile; fileRef = 8EC8102F27C1272C00462583 /* BaseViewModel.swift */; };
		8EC8103327C1277600462583 /* UIViewController+Ext.swift in Sources */ = {isa = PBXBuildFile; fileRef = 8EC8103227C1277600462583 /* UIViewController+Ext.swift */; };
		8EC8103527C127A700462583 /* MKCardView.swift in Sources */ = {isa = PBXBuildFile; fileRef = 8EC8103427C127A700462583 /* MKCardView.swift */; };
/* End PBXBuildFile section */

/* Begin PBXContainerItemProxy section */
		8EC8100927C11F7A00462583 /* PBXContainerItemProxy */ = {
			isa = PBXContainerItemProxy;
			containerPortal = 8EC80FEA27C11F7700462583 /* Project object */;
			proxyType = 1;
			remoteGlobalIDString = 8EC80FF127C11F7700462583;
			remoteInfo = "Seat-Geek-App";
		};
		8EC8101327C11F7A00462583 /* PBXContainerItemProxy */ = {
			isa = PBXContainerItemProxy;
			containerPortal = 8EC80FEA27C11F7700462583 /* Project object */;
			proxyType = 1;
			remoteGlobalIDString = 8EC80FF127C11F7700462583;
			remoteInfo = "Seat-Geek-App";
		};
/* End PBXContainerItemProxy section */

/* Begin PBXFileReference section */
		8EC80FF227C11F7700462583 /* Seat-Geek-App.app */ = {isa = PBXFileReference; explicitFileType = wrapper.application; includeInIndex = 0; path = "Seat-Geek-App.app"; sourceTree = BUILT_PRODUCTS_DIR; };
		8EC80FF527C11F7700462583 /* AppDelegate.swift */ = {isa = PBXFileReference; lastKnownFileType = sourcecode.swift; path = AppDelegate.swift; sourceTree = "<group>"; };
		8EC80FF727C11F7700462583 /* SceneDelegate.swift */ = {isa = PBXFileReference; lastKnownFileType = sourcecode.swift; path = SceneDelegate.swift; sourceTree = "<group>"; };
		8EC80FF927C11F7700462583 /* ViewController.swift */ = {isa = PBXFileReference; lastKnownFileType = sourcecode.swift; path = ViewController.swift; sourceTree = "<group>"; };
		8EC80FFC27C11F7700462583 /* Base */ = {isa = PBXFileReference; lastKnownFileType = file.storyboard; name = Base; path = Base.lproj/Main.storyboard; sourceTree = "<group>"; };
		8EC80FFE27C11F7900462583 /* Assets.xcassets */ = {isa = PBXFileReference; lastKnownFileType = folder.assetcatalog; path = Assets.xcassets; sourceTree = "<group>"; };
		8EC8100127C11F7900462583 /* Base */ = {isa = PBXFileReference; lastKnownFileType = file.storyboard; name = Base; path = Base.lproj/LaunchScreen.storyboard; sourceTree = "<group>"; };
		8EC8100327C11F7900462583 /* Info.plist */ = {isa = PBXFileReference; lastKnownFileType = text.plist.xml; path = Info.plist; sourceTree = "<group>"; };
		8EC8100827C11F7A00462583 /* Seat-Geek-AppTests.xctest */ = {isa = PBXFileReference; explicitFileType = wrapper.cfbundle; includeInIndex = 0; path = "Seat-Geek-AppTests.xctest"; sourceTree = BUILT_PRODUCTS_DIR; };
		8EC8100C27C11F7A00462583 /* Seat_Geek_AppTests.swift */ = {isa = PBXFileReference; lastKnownFileType = sourcecode.swift; path = Seat_Geek_AppTests.swift; sourceTree = "<group>"; };
		8EC8101227C11F7A00462583 /* Seat-Geek-AppUITests.xctest */ = {isa = PBXFileReference; explicitFileType = wrapper.cfbundle; includeInIndex = 0; path = "Seat-Geek-AppUITests.xctest"; sourceTree = BUILT_PRODUCTS_DIR; };
		8EC8101627C11F7A00462583 /* Seat_Geek_AppUITests.swift */ = {isa = PBXFileReference; lastKnownFileType = sourcecode.swift; path = Seat_Geek_AppUITests.swift; sourceTree = "<group>"; };
		8EC8101827C11F7A00462583 /* Seat_Geek_AppUITestsLaunchTests.swift */ = {isa = PBXFileReference; lastKnownFileType = sourcecode.swift; path = Seat_Geek_AppUITestsLaunchTests.swift; sourceTree = "<group>"; };
		8EC8102927C1267300462583 /* MoyaConfiguration.swift */ = {isa = PBXFileReference; lastKnownFileType = sourcecode.swift; path = MoyaConfiguration.swift; sourceTree = "<group>"; };
		8EC8102B27C1269700462583 /* EndPoints.swift */ = {isa = PBXFileReference; lastKnownFileType = sourcecode.swift; path = EndPoints.swift; sourceTree = "<group>"; };
		8EC8102D27C126DE00462583 /* MockData.swift */ = {isa = PBXFileReference; lastKnownFileType = sourcecode.swift; path = MockData.swift; sourceTree = "<group>"; };
		8EC8102F27C1272C00462583 /* BaseViewModel.swift */ = {isa = PBXFileReference; lastKnownFileType = sourcecode.swift; path = BaseViewModel.swift; sourceTree = "<group>"; };
		8EC8103227C1277600462583 /* UIViewController+Ext.swift */ = {isa = PBXFileReference; lastKnownFileType = sourcecode.swift; path = "UIViewController+Ext.swift"; sourceTree = "<group>"; };
		8EC8103427C127A700462583 /* MKCardView.swift */ = {isa = PBXFileReference; lastKnownFileType = sourcecode.swift; path = MKCardView.swift; sourceTree = "<group>"; };
/* End PBXFileReference section */

/* Begin PBXFrameworksBuildPhase section */
		8EC80FEF27C11F7700462583 /* Frameworks */ = {
			isa = PBXFrameworksBuildPhase;
			buildActionMask = 2147483647;
			files = (
			);
			runOnlyForDeploymentPostprocessing = 0;
		};
		8EC8100527C11F7A00462583 /* Frameworks */ = {
			isa = PBXFrameworksBuildPhase;
			buildActionMask = 2147483647;
			files = (
			);
			runOnlyForDeploymentPostprocessing = 0;
		};
		8EC8100F27C11F7A00462583 /* Frameworks */ = {
			isa = PBXFrameworksBuildPhase;
			buildActionMask = 2147483647;
			files = (
			);
			runOnlyForDeploymentPostprocessing = 0;
		};
/* End PBXFrameworksBuildPhase section */

/* Begin PBXGroup section */
		8EC80FE927C11F7700462583 = {
			isa = PBXGroup;
			children = (
				8EC80FF427C11F7700462583 /* Seat-Geek-App */,
				8EC8100B27C11F7A00462583 /* Seat-Geek-AppTests */,
				8EC8101527C11F7A00462583 /* Seat-Geek-AppUITests */,
				8EC80FF327C11F7700462583 /* Products */,
			);
			sourceTree = "<group>";
		};
		8EC80FF327C11F7700462583 /* Products */ = {
			isa = PBXGroup;
			children = (
				8EC80FF227C11F7700462583 /* Seat-Geek-App.app */,
				8EC8100827C11F7A00462583 /* Seat-Geek-AppTests.xctest */,
				8EC8101227C11F7A00462583 /* Seat-Geek-AppUITests.xctest */,
			);
			name = Products;
			sourceTree = "<group>";
		};
		8EC80FF427C11F7700462583 /* Seat-Geek-App */ = {
			isa = PBXGroup;
			children = (
				8EC8102727C1257400462583 /* Modules */,
				8EC8102627C1256100462583 /* Core */,
				8EC80FF527C11F7700462583 /* AppDelegate.swift */,
				8EC80FF727C11F7700462583 /* SceneDelegate.swift */,
				8EC8102527C1253600462583 /* Resources */,
				8EC80FF927C11F7700462583 /* ViewController.swift */,
				8EC80FFB27C11F7700462583 /* Main.storyboard */,
			);
			path = "Seat-Geek-App";
			sourceTree = "<group>";
		};
		8EC8100B27C11F7A00462583 /* Seat-Geek-AppTests */ = {
			isa = PBXGroup;
			children = (
				8EC8100C27C11F7A00462583 /* Seat_Geek_AppTests.swift */,
			);
			path = "Seat-Geek-AppTests";
			sourceTree = "<group>";
		};
		8EC8101527C11F7A00462583 /* Seat-Geek-AppUITests */ = {
			isa = PBXGroup;
			children = (
				8EC8101627C11F7A00462583 /* Seat_Geek_AppUITests.swift */,
				8EC8101827C11F7A00462583 /* Seat_Geek_AppUITestsLaunchTests.swift */,
			);
			path = "Seat-Geek-AppUITests";
			sourceTree = "<group>";
		};
		8EC8102527C1253600462583 /* Resources */ = {
			isa = PBXGroup;
			children = (
				8EC8100327C11F7900462583 /* Info.plist */,
				8EC8100027C11F7900462583 /* LaunchScreen.storyboard */,
				8EC80FFE27C11F7900462583 /* Assets.xcassets */,
			);
			path = Resources;
			sourceTree = "<group>";
		};
		8EC8102627C1256100462583 /* Core */ = {
			isa = PBXGroup;
			children = (
				8EC8103127C1274800462583 /* Extension */,
				8EC8102827C125C700462583 /* Moya */,
				8EC8102F27C1272C00462583 /* BaseViewModel.swift */,
				8EC8103427C127A700462583 /* MKCardView.swift */,
			);
			path = Core;
			sourceTree = "<group>";
		};
		8EC8102727C1257400462583 /* Modules */ = {
			isa = PBXGroup;
			children = (
			);
			path = Modules;
			sourceTree = "<group>";
		};
		8EC8102827C125C700462583 /* Moya */ = {
			isa = PBXGroup;
			children = (
				8EC8102927C1267300462583 /* MoyaConfiguration.swift */,
				8EC8102B27C1269700462583 /* EndPoints.swift */,
				8EC8102D27C126DE00462583 /* MockData.swift */,
			);
			path = Moya;
			sourceTree = "<group>";
		};
		8EC8103127C1274800462583 /* Extension */ = {
			isa = PBXGroup;
			children = (
				8EC8103227C1277600462583 /* UIViewController+Ext.swift */,
			);
			path = Extension;
			sourceTree = "<group>";
		};
/* End PBXGroup section */

/* Begin PBXNativeTarget section */
		8EC80FF127C11F7700462583 /* Seat-Geek-App */ = {
			isa = PBXNativeTarget;
			buildConfigurationList = 8EC8101C27C11F7A00462583 /* Build configuration list for PBXNativeTarget "Seat-Geek-App" */;
			buildPhases = (
				8EC80FEE27C11F7700462583 /* Sources */,
				8EC80FEF27C11F7700462583 /* Frameworks */,
				8EC80FF027C11F7700462583 /* Resources */,
			);
			buildRules = (
			);
			dependencies = (
			);
			name = "Seat-Geek-App";
			productName = "Seat-Geek-App";
			productReference = 8EC80FF227C11F7700462583 /* Seat-Geek-App.app */;
			productType = "com.apple.product-type.application";
		};
		8EC8100727C11F7A00462583 /* Seat-Geek-AppTests */ = {
			isa = PBXNativeTarget;
			buildConfigurationList = 8EC8101F27C11F7A00462583 /* Build configuration list for PBXNativeTarget "Seat-Geek-AppTests" */;
			buildPhases = (
				8EC8100427C11F7A00462583 /* Sources */,
				8EC8100527C11F7A00462583 /* Frameworks */,
				8EC8100627C11F7A00462583 /* Resources */,
			);
			buildRules = (
			);
			dependencies = (
				8EC8100A27C11F7A00462583 /* PBXTargetDependency */,
			);
			name = "Seat-Geek-AppTests";
			productName = "Seat-Geek-AppTests";
			productReference = 8EC8100827C11F7A00462583 /* Seat-Geek-AppTests.xctest */;
			productType = "com.apple.product-type.bundle.unit-test";
		};
		8EC8101127C11F7A00462583 /* Seat-Geek-AppUITests */ = {
			isa = PBXNativeTarget;
			buildConfigurationList = 8EC8102227C11F7A00462583 /* Build configuration list for PBXNativeTarget "Seat-Geek-AppUITests" */;
			buildPhases = (
				8EC8100E27C11F7A00462583 /* Sources */,
				8EC8100F27C11F7A00462583 /* Frameworks */,
				8EC8101027C11F7A00462583 /* Resources */,
			);
			buildRules = (
			);
			dependencies = (
				8EC8101427C11F7A00462583 /* PBXTargetDependency */,
			);
			name = "Seat-Geek-AppUITests";
			productName = "Seat-Geek-AppUITests";
			productReference = 8EC8101227C11F7A00462583 /* Seat-Geek-AppUITests.xctest */;
			productType = "com.apple.product-type.bundle.ui-testing";
		};
/* End PBXNativeTarget section */

/* Begin PBXProject section */
		8EC80FEA27C11F7700462583 /* Project object */ = {
			isa = PBXProject;
			attributes = {
				BuildIndependentTargetsInParallel = 1;
				LastSwiftUpdateCheck = 1320;
				LastUpgradeCheck = 1320;
				TargetAttributes = {
					8EC80FF127C11F7700462583 = {
						CreatedOnToolsVersion = 13.2.1;
					};
					8EC8100727C11F7A00462583 = {
						CreatedOnToolsVersion = 13.2.1;
						TestTargetID = 8EC80FF127C11F7700462583;
					};
					8EC8101127C11F7A00462583 = {
						CreatedOnToolsVersion = 13.2.1;
						TestTargetID = 8EC80FF127C11F7700462583;
					};
				};
			};
			buildConfigurationList = 8EC80FED27C11F7700462583 /* Build configuration list for PBXProject "Seat-Geek-App" */;
			compatibilityVersion = "Xcode 13.0";
			developmentRegion = en;
			hasScannedForEncodings = 0;
			knownRegions = (
				en,
				Base,
			);
			mainGroup = 8EC80FE927C11F7700462583;
			productRefGroup = 8EC80FF327C11F7700462583 /* Products */;
			projectDirPath = "";
			projectRoot = "";
			targets = (
				8EC80FF127C11F7700462583 /* Seat-Geek-App */,
				8EC8100727C11F7A00462583 /* Seat-Geek-AppTests */,
				8EC8101127C11F7A00462583 /* Seat-Geek-AppUITests */,
			);
		};
/* End PBXProject section */

/* Begin PBXResourcesBuildPhase section */
		8EC80FF027C11F7700462583 /* Resources */ = {
			isa = PBXResourcesBuildPhase;
			buildActionMask = 2147483647;
			files = (
				8EC8100227C11F7900462583 /* LaunchScreen.storyboard in Resources */,
				8EC80FFF27C11F7900462583 /* Assets.xcassets in Resources */,
				8EC80FFD27C11F7700462583 /* Main.storyboard in Resources */,
			);
			runOnlyForDeploymentPostprocessing = 0;
		};
		8EC8100627C11F7A00462583 /* Resources */ = {
			isa = PBXResourcesBuildPhase;
			buildActionMask = 2147483647;
			files = (
			);
			runOnlyForDeploymentPostprocessing = 0;
		};
		8EC8101027C11F7A00462583 /* Resources */ = {
			isa = PBXResourcesBuildPhase;
			buildActionMask = 2147483647;
			files = (
			);
			runOnlyForDeploymentPostprocessing = 0;
		};
/* End PBXResourcesBuildPhase section */

/* Begin PBXSourcesBuildPhase section */
		8EC80FEE27C11F7700462583 /* Sources */ = {
			isa = PBXSourcesBuildPhase;
			buildActionMask = 2147483647;
			files = (
				8EC8102A27C1267300462583 /* MoyaConfiguration.swift in Sources */,
				8EC8102E27C126DE00462583 /* MockData.swift in Sources */,
				8EC8103527C127A700462583 /* MKCardView.swift in Sources */,
				8EC8102C27C1269700462583 /* EndPoints.swift in Sources */,
				8EC8103027C1272C00462583 /* BaseViewModel.swift in Sources */,
				8EC80FFA27C11F7700462583 /* ViewController.swift in Sources */,
				8EC80FF627C11F7700462583 /* AppDelegate.swift in Sources */,
				8EC8103327C1277600462583 /* UIViewController+Ext.swift in Sources */,
				8EC80FF827C11F7700462583 /* SceneDelegate.swift in Sources */,
			);
			runOnlyForDeploymentPostprocessing = 0;
		};
		8EC8100427C11F7A00462583 /* Sources */ = {
			isa = PBXSourcesBuildPhase;
			buildActionMask = 2147483647;
			files = (
				8EC8100D27C11F7A00462583 /* Seat_Geek_AppTests.swift in Sources */,
			);
			runOnlyForDeploymentPostprocessing = 0;
		};
		8EC8100E27C11F7A00462583 /* Sources */ = {
			isa = PBXSourcesBuildPhase;
			buildActionMask = 2147483647;
			files = (
				8EC8101727C11F7A00462583 /* Seat_Geek_AppUITests.swift in Sources */,
				8EC8101927C11F7A00462583 /* Seat_Geek_AppUITestsLaunchTests.swift in Sources */,
			);
			runOnlyForDeploymentPostprocessing = 0;
		};
/* End PBXSourcesBuildPhase section */

/* Begin PBXTargetDependency section */
		8EC8100A27C11F7A00462583 /* PBXTargetDependency */ = {
			isa = PBXTargetDependency;
			target = 8EC80FF127C11F7700462583 /* Seat-Geek-App */;
			targetProxy = 8EC8100927C11F7A00462583 /* PBXContainerItemProxy */;
		};
		8EC8101427C11F7A00462583 /* PBXTargetDependency */ = {
			isa = PBXTargetDependency;
			target = 8EC80FF127C11F7700462583 /* Seat-Geek-App */;
			targetProxy = 8EC8101327C11F7A00462583 /* PBXContainerItemProxy */;
		};
/* End PBXTargetDependency section */

/* Begin PBXVariantGroup section */
		8EC80FFB27C11F7700462583 /* Main.storyboard */ = {
			isa = PBXVariantGroup;
			children = (
				8EC80FFC27C11F7700462583 /* Base */,
			);
			name = Main.storyboard;
			sourceTree = "<group>";
		};
		8EC8100027C11F7900462583 /* LaunchScreen.storyboard */ = {
			isa = PBXVariantGroup;
			children = (
				8EC8100127C11F7900462583 /* Base */,
			);
			name = LaunchScreen.storyboard;
			sourceTree = "<group>";
		};
/* End PBXVariantGroup section */

/* Begin XCBuildConfiguration section */
		8EC8101A27C11F7A00462583 /* Debug */ = {
			isa = XCBuildConfiguration;
			buildSettings = {
				ALWAYS_SEARCH_USER_PATHS = NO;
				CLANG_ANALYZER_NONNULL = YES;
				CLANG_ANALYZER_NUMBER_OBJECT_CONVERSION = YES_AGGRESSIVE;
				CLANG_CXX_LANGUAGE_STANDARD = "gnu++17";
				CLANG_CXX_LIBRARY = "libc++";
				CLANG_ENABLE_MODULES = YES;
				CLANG_ENABLE_OBJC_ARC = YES;
				CLANG_ENABLE_OBJC_WEAK = YES;
				CLANG_WARN_BLOCK_CAPTURE_AUTORELEASING = YES;
				CLANG_WARN_BOOL_CONVERSION = YES;
				CLANG_WARN_COMMA = YES;
				CLANG_WARN_CONSTANT_CONVERSION = YES;
				CLANG_WARN_DEPRECATED_OBJC_IMPLEMENTATIONS = YES;
				CLANG_WARN_DIRECT_OBJC_ISA_USAGE = YES_ERROR;
				CLANG_WARN_DOCUMENTATION_COMMENTS = YES;
				CLANG_WARN_EMPTY_BODY = YES;
				CLANG_WARN_ENUM_CONVERSION = YES;
				CLANG_WARN_INFINITE_RECURSION = YES;
				CLANG_WARN_INT_CONVERSION = YES;
				CLANG_WARN_NON_LITERAL_NULL_CONVERSION = YES;
				CLANG_WARN_OBJC_IMPLICIT_RETAIN_SELF = YES;
				CLANG_WARN_OBJC_LITERAL_CONVERSION = YES;
				CLANG_WARN_OBJC_ROOT_CLASS = YES_ERROR;
				CLANG_WARN_QUOTED_INCLUDE_IN_FRAMEWORK_HEADER = YES;
				CLANG_WARN_RANGE_LOOP_ANALYSIS = YES;
				CLANG_WARN_STRICT_PROTOTYPES = YES;
				CLANG_WARN_SUSPICIOUS_MOVE = YES;
				CLANG_WARN_UNGUARDED_AVAILABILITY = YES_AGGRESSIVE;
				CLANG_WARN_UNREACHABLE_CODE = YES;
				CLANG_WARN__DUPLICATE_METHOD_MATCH = YES;
				COPY_PHASE_STRIP = NO;
				DEBUG_INFORMATION_FORMAT = dwarf;
				ENABLE_STRICT_OBJC_MSGSEND = YES;
				ENABLE_TESTABILITY = YES;
				GCC_C_LANGUAGE_STANDARD = gnu11;
				GCC_DYNAMIC_NO_PIC = NO;
				GCC_NO_COMMON_BLOCKS = YES;
				GCC_OPTIMIZATION_LEVEL = 0;
				GCC_PREPROCESSOR_DEFINITIONS = (
					"DEBUG=1",
					"$(inherited)",
				);
				GCC_WARN_64_TO_32_BIT_CONVERSION = YES;
				GCC_WARN_ABOUT_RETURN_TYPE = YES_ERROR;
				GCC_WARN_UNDECLARED_SELECTOR = YES;
				GCC_WARN_UNINITIALIZED_AUTOS = YES_AGGRESSIVE;
				GCC_WARN_UNUSED_FUNCTION = YES;
				GCC_WARN_UNUSED_VARIABLE = YES;
				IPHONEOS_DEPLOYMENT_TARGET = 15.2;
				MTL_ENABLE_DEBUG_INFO = INCLUDE_SOURCE;
				MTL_FAST_MATH = YES;
				ONLY_ACTIVE_ARCH = YES;
				SDKROOT = iphoneos;
				SWIFT_ACTIVE_COMPILATION_CONDITIONS = DEBUG;
				SWIFT_OPTIMIZATION_LEVEL = "-Onone";
			};
			name = Debug;
		};
		8EC8101B27C11F7A00462583 /* Release */ = {
			isa = XCBuildConfiguration;
			buildSettings = {
				ALWAYS_SEARCH_USER_PATHS = NO;
				CLANG_ANALYZER_NONNULL = YES;
				CLANG_ANALYZER_NUMBER_OBJECT_CONVERSION = YES_AGGRESSIVE;
				CLANG_CXX_LANGUAGE_STANDARD = "gnu++17";
				CLANG_CXX_LIBRARY = "libc++";
				CLANG_ENABLE_MODULES = YES;
				CLANG_ENABLE_OBJC_ARC = YES;
				CLANG_ENABLE_OBJC_WEAK = YES;
				CLANG_WARN_BLOCK_CAPTURE_AUTORELEASING = YES;
				CLANG_WARN_BOOL_CONVERSION = YES;
				CLANG_WARN_COMMA = YES;
				CLANG_WARN_CONSTANT_CONVERSION = YES;
				CLANG_WARN_DEPRECATED_OBJC_IMPLEMENTATIONS = YES;
				CLANG_WARN_DIRECT_OBJC_ISA_USAGE = YES_ERROR;
				CLANG_WARN_DOCUMENTATION_COMMENTS = YES;
				CLANG_WARN_EMPTY_BODY = YES;
				CLANG_WARN_ENUM_CONVERSION = YES;
				CLANG_WARN_INFINITE_RECURSION = YES;
				CLANG_WARN_INT_CONVERSION = YES;
				CLANG_WARN_NON_LITERAL_NULL_CONVERSION = YES;
				CLANG_WARN_OBJC_IMPLICIT_RETAIN_SELF = YES;
				CLANG_WARN_OBJC_LITERAL_CONVERSION = YES;
				CLANG_WARN_OBJC_ROOT_CLASS = YES_ERROR;
				CLANG_WARN_QUOTED_INCLUDE_IN_FRAMEWORK_HEADER = YES;
				CLANG_WARN_RANGE_LOOP_ANALYSIS = YES;
				CLANG_WARN_STRICT_PROTOTYPES = YES;
				CLANG_WARN_SUSPICIOUS_MOVE = YES;
				CLANG_WARN_UNGUARDED_AVAILABILITY = YES_AGGRESSIVE;
				CLANG_WARN_UNREACHABLE_CODE = YES;
				CLANG_WARN__DUPLICATE_METHOD_MATCH = YES;
				COPY_PHASE_STRIP = NO;
				DEBUG_INFORMATION_FORMAT = "dwarf-with-dsym";
				ENABLE_NS_ASSERTIONS = NO;
				ENABLE_STRICT_OBJC_MSGSEND = YES;
				GCC_C_LANGUAGE_STANDARD = gnu11;
				GCC_NO_COMMON_BLOCKS = YES;
				GCC_WARN_64_TO_32_BIT_CONVERSION = YES;
				GCC_WARN_ABOUT_RETURN_TYPE = YES_ERROR;
				GCC_WARN_UNDECLARED_SELECTOR = YES;
				GCC_WARN_UNINITIALIZED_AUTOS = YES_AGGRESSIVE;
				GCC_WARN_UNUSED_FUNCTION = YES;
				GCC_WARN_UNUSED_VARIABLE = YES;
				IPHONEOS_DEPLOYMENT_TARGET = 15.2;
				MTL_ENABLE_DEBUG_INFO = NO;
				MTL_FAST_MATH = YES;
				SDKROOT = iphoneos;
				SWIFT_COMPILATION_MODE = wholemodule;
				SWIFT_OPTIMIZATION_LEVEL = "-O";
				VALIDATE_PRODUCT = YES;
			};
			name = Release;
		};
		8EC8101D27C11F7A00462583 /* Debug */ = {
			isa = XCBuildConfiguration;
			buildSettings = {
				ASSETCATALOG_COMPILER_APPICON_NAME = AppIcon;
				ASSETCATALOG_COMPILER_GLOBAL_ACCENT_COLOR_NAME = AccentColor;
				CODE_SIGN_STYLE = Automatic;
				CURRENT_PROJECT_VERSION = 1;
				DEVELOPMENT_TEAM = 2HA4583V2X;
				GENERATE_INFOPLIST_FILE = YES;
				INFOPLIST_FILE = "Seat-Geek-App/Info.plist";
				INFOPLIST_KEY_UIApplicationSupportsIndirectInputEvents = YES;
				INFOPLIST_KEY_UILaunchStoryboardName = LaunchScreen;
				INFOPLIST_KEY_UIMainStoryboardFile = Main;
				INFOPLIST_KEY_UISupportedInterfaceOrientations_iPad = "UIInterfaceOrientationPortrait UIInterfaceOrientationPortraitUpsideDown UIInterfaceOrientationLandscapeLeft UIInterfaceOrientationLandscapeRight";
				INFOPLIST_KEY_UISupportedInterfaceOrientations_iPhone = "UIInterfaceOrientationPortrait UIInterfaceOrientationLandscapeLeft UIInterfaceOrientationLandscapeRight";
				LD_RUNPATH_SEARCH_PATHS = (
					"$(inherited)",
					"@executable_path/Frameworks",
				);
				MARKETING_VERSION = 1.0;
				PRODUCT_BUNDLE_IDENTIFIER = "dev.Seat-Geek-App";
				PRODUCT_NAME = "$(TARGET_NAME)";
				SWIFT_EMIT_LOC_STRINGS = YES;
				SWIFT_VERSION = 5.0;
				TARGETED_DEVICE_FAMILY = "1,2";
			};
			name = Debug;
		};
		8EC8101E27C11F7A00462583 /* Release */ = {
			isa = XCBuildConfiguration;
			buildSettings = {
				ASSETCATALOG_COMPILER_APPICON_NAME = AppIcon;
				ASSETCATALOG_COMPILER_GLOBAL_ACCENT_COLOR_NAME = AccentColor;
				CODE_SIGN_STYLE = Automatic;
				CURRENT_PROJECT_VERSION = 1;
				DEVELOPMENT_TEAM = 2HA4583V2X;
				GENERATE_INFOPLIST_FILE = YES;
				INFOPLIST_FILE = "Seat-Geek-App/Info.plist";
				INFOPLIST_KEY_UIApplicationSupportsIndirectInputEvents = YES;
				INFOPLIST_KEY_UILaunchStoryboardName = LaunchScreen;
				INFOPLIST_KEY_UIMainStoryboardFile = Main;
				INFOPLIST_KEY_UISupportedInterfaceOrientations_iPad = "UIInterfaceOrientationPortrait UIInterfaceOrientationPortraitUpsideDown UIInterfaceOrientationLandscapeLeft UIInterfaceOrientationLandscapeRight";
				INFOPLIST_KEY_UISupportedInterfaceOrientations_iPhone = "UIInterfaceOrientationPortrait UIInterfaceOrientationLandscapeLeft UIInterfaceOrientationLandscapeRight";
				LD_RUNPATH_SEARCH_PATHS = (
					"$(inherited)",
					"@executable_path/Frameworks",
				);
				MARKETING_VERSION = 1.0;
				PRODUCT_BUNDLE_IDENTIFIER = "dev.Seat-Geek-App";
				PRODUCT_NAME = "$(TARGET_NAME)";
				SWIFT_EMIT_LOC_STRINGS = YES;
				SWIFT_VERSION = 5.0;
				TARGETED_DEVICE_FAMILY = "1,2";
			};
			name = Release;
		};
		8EC8102027C11F7A00462583 /* Debug */ = {
			isa = XCBuildConfiguration;
			buildSettings = {
				ALWAYS_EMBED_SWIFT_STANDARD_LIBRARIES = YES;
				BUNDLE_LOADER = "$(TEST_HOST)";
				CODE_SIGN_STYLE = Automatic;
				CURRENT_PROJECT_VERSION = 1;
				DEVELOPMENT_TEAM = 2HA4583V2X;
				GENERATE_INFOPLIST_FILE = YES;
				IPHONEOS_DEPLOYMENT_TARGET = 15.2;
				MARKETING_VERSION = 1.0;
				PRODUCT_BUNDLE_IDENTIFIER = "dev.Seat-Geek-AppTests";
				PRODUCT_NAME = "$(TARGET_NAME)";
				SWIFT_EMIT_LOC_STRINGS = NO;
				SWIFT_VERSION = 5.0;
				TARGETED_DEVICE_FAMILY = "1,2";
				TEST_HOST = "$(BUILT_PRODUCTS_DIR)/Seat-Geek-App.app/Seat-Geek-App";
			};
			name = Debug;
		};
		8EC8102127C11F7A00462583 /* Release */ = {
			isa = XCBuildConfiguration;
			buildSettings = {
				ALWAYS_EMBED_SWIFT_STANDARD_LIBRARIES = YES;
				BUNDLE_LOADER = "$(TEST_HOST)";
				CODE_SIGN_STYLE = Automatic;
				CURRENT_PROJECT_VERSION = 1;
				DEVELOPMENT_TEAM = 2HA4583V2X;
				GENERATE_INFOPLIST_FILE = YES;
				IPHONEOS_DEPLOYMENT_TARGET = 15.2;
				MARKETING_VERSION = 1.0;
				PRODUCT_BUNDLE_IDENTIFIER = "dev.Seat-Geek-AppTests";
				PRODUCT_NAME = "$(TARGET_NAME)";
				SWIFT_EMIT_LOC_STRINGS = NO;
				SWIFT_VERSION = 5.0;
				TARGETED_DEVICE_FAMILY = "1,2";
				TEST_HOST = "$(BUILT_PRODUCTS_DIR)/Seat-Geek-App.app/Seat-Geek-App";
			};
			name = Release;
		};
		8EC8102327C11F7A00462583 /* Debug */ = {
			isa = XCBuildConfiguration;
			buildSettings = {
				ALWAYS_EMBED_SWIFT_STANDARD_LIBRARIES = YES;
				CODE_SIGN_STYLE = Automatic;
				CURRENT_PROJECT_VERSION = 1;
				DEVELOPMENT_TEAM = 2HA4583V2X;
				GENERATE_INFOPLIST_FILE = YES;
				MARKETING_VERSION = 1.0;
				PRODUCT_BUNDLE_IDENTIFIER = "dev.Seat-Geek-AppUITests";
				PRODUCT_NAME = "$(TARGET_NAME)";
				SWIFT_EMIT_LOC_STRINGS = NO;
				SWIFT_VERSION = 5.0;
				TARGETED_DEVICE_FAMILY = "1,2";
				TEST_TARGET_NAME = "Seat-Geek-App";
			};
			name = Debug;
		};
		8EC8102427C11F7A00462583 /* Release */ = {
			isa = XCBuildConfiguration;
			buildSettings = {
				ALWAYS_EMBED_SWIFT_STANDARD_LIBRARIES = YES;
				CODE_SIGN_STYLE = Automatic;
				CURRENT_PROJECT_VERSION = 1;
				DEVELOPMENT_TEAM = 2HA4583V2X;
				GENERATE_INFOPLIST_FILE = YES;
				MARKETING_VERSION = 1.0;
				PRODUCT_BUNDLE_IDENTIFIER = "dev.Seat-Geek-AppUITests";
				PRODUCT_NAME = "$(TARGET_NAME)";
				SWIFT_EMIT_LOC_STRINGS = NO;
				SWIFT_VERSION = 5.0;
				TARGETED_DEVICE_FAMILY = "1,2";
				TEST_TARGET_NAME = "Seat-Geek-App";
			};
			name = Release;
		};
/* End XCBuildConfiguration section */

/* Begin XCConfigurationList section */
		8EC80FED27C11F7700462583 /* Build configuration list for PBXProject "Seat-Geek-App" */ = {
			isa = XCConfigurationList;
			buildConfigurations = (
				8EC8101A27C11F7A00462583 /* Debug */,
				8EC8101B27C11F7A00462583 /* Release */,
			);
			defaultConfigurationIsVisible = 0;
			defaultConfigurationName = Release;
		};
		8EC8101C27C11F7A00462583 /* Build configuration list for PBXNativeTarget "Seat-Geek-App" */ = {
			isa = XCConfigurationList;
			buildConfigurations = (
				8EC8101D27C11F7A00462583 /* Debug */,
				8EC8101E27C11F7A00462583 /* Release */,
			);
			defaultConfigurationIsVisible = 0;
			defaultConfigurationName = Release;
		};
		8EC8101F27C11F7A00462583 /* Build configuration list for PBXNativeTarget "Seat-Geek-AppTests" */ = {
			isa = XCConfigurationList;
			buildConfigurations = (
				8EC8102027C11F7A00462583 /* Debug */,
				8EC8102127C11F7A00462583 /* Release */,
			);
			defaultConfigurationIsVisible = 0;
			defaultConfigurationName = Release;
		};
		8EC8102227C11F7A00462583 /* Build configuration list for PBXNativeTarget "Seat-Geek-AppUITests" */ = {
			isa = XCConfigurationList;
			buildConfigurations = (
				8EC8102327C11F7A00462583 /* Debug */,
				8EC8102427C11F7A00462583 /* Release */,
			);
			defaultConfigurationIsVisible = 0;
			defaultConfigurationName = Release;
		};
/* End XCConfigurationList section */
	};
	rootObject = 8EC80FEA27C11F7700462583 /* Project object */;
}
